// !$*UTF8*$!
{
	archiveVersion = 1;
	classes = {
	};
	objectVersion = 46;
	objects = {

/* Begin PBXBuildFile section */
		D10CC1321CC0C23A003F2192 /* main.m in Sources */ = {isa = PBXBuildFile; fileRef = D10CC1311CC0C23A003F2192 /* main.m */; };
		D10CC1351CC0C23A003F2192 /* AppDelegate.m in Sources */ = {isa = PBXBuildFile; fileRef = D10CC1341CC0C23A003F2192 /* AppDelegate.m */; };
		D10CC1381CC0C23A003F2192 /* ViewController.m in Sources */ = {isa = PBXBuildFile; fileRef = D10CC1371CC0C23A003F2192 /* ViewController.m */; };
		D10CC13B1CC0C23A003F2192 /* Main.storyboard in Resources */ = {isa = PBXBuildFile; fileRef = D10CC1391CC0C23A003F2192 /* Main.storyboard */; };
		D10CC13D1CC0C23A003F2192 /* Assets.xcassets in Resources */ = {isa = PBXBuildFile; fileRef = D10CC13C1CC0C23A003F2192 /* Assets.xcassets */; };
		D10CC1401CC0C23A003F2192 /* LaunchScreen.storyboard in Resources */ = {isa = PBXBuildFile; fileRef = D10CC13E1CC0C23A003F2192 /* LaunchScreen.storyboard */; };
		D10CC14B1CC0C244003F2192 /* UIImageView+WebImage.m in Sources */ = {isa = PBXBuildFile; fileRef = D10CC14A1CC0C244003F2192 /* UIImageView+WebImage.m */; };
		D10CC14E1CC0C29D003F2192 /* LSImageViewManager.m in Sources */ = {isa = PBXBuildFile; fileRef = D10CC14D1CC0C29D003F2192 /* LSImageViewManager.m */; };
/* End PBXBuildFile section */

/* Begin PBXFileReference section */
		D10CC12D1CC0C239003F2192 /* LSImageView.app */ = {isa = PBXFileReference; explicitFileType = wrapper.application; includeInIndex = 0; path = LSImageView.app; sourceTree = BUILT_PRODUCTS_DIR; };
		D10CC1311CC0C23A003F2192 /* main.m */ = {isa = PBXFileReference; lastKnownFileType = sourcecode.c.objc; path = main.m; sourceTree = "<group>"; };
		D10CC1331CC0C23A003F2192 /* AppDelegate.h */ = {isa = PBXFileReference; lastKnownFileType = sourcecode.c.h; path = AppDelegate.h; sourceTree = "<group>"; };
		D10CC1341CC0C23A003F2192 /* AppDelegate.m */ = {isa = PBXFileReference; lastKnownFileType = sourcecode.c.objc; path = AppDelegate.m; sourceTree = "<group>"; };
		D10CC1361CC0C23A003F2192 /* ViewController.h */ = {isa = PBXFileReference; lastKnownFileType = sourcecode.c.h; path = ViewController.h; sourceTree = "<group>"; };
		D10CC1371CC0C23A003F2192 /* ViewController.m */ = {isa = PBXFileReference; lastKnownFileType = sourcecode.c.objc; path = ViewController.m; sourceTree = "<group>"; };
		D10CC13A1CC0C23A003F2192 /* Base */ = {isa = PBXFileReference; lastKnownFileType = file.storyboard; name = Base; path = Base.lproj/Main.storyboard; sourceTree = "<group>"; };
		D10CC13C1CC0C23A003F2192 /* Assets.xcassets */ = {isa = PBXFileReference; lastKnownFileType = folder.assetcatalog; path = Assets.xcassets; sourceTree = "<group>"; };
		D10CC13F1CC0C23A003F2192 /* Base */ = {isa = PBXFileReference; lastKnownFileType = file.storyboard; name = Base; path = Base.lproj/LaunchScreen.storyboard; sourceTree = "<group>"; };
		D10CC1411CC0C23A003F2192 /* Info.plist */ = {isa = PBXFileReference; lastKnownFileType = text.plist.xml; path = Info.plist; sourceTree = "<group>"; };
		D10CC1481CC0C244003F2192 /* LSImageViewConfig.h */ = {isa = PBXFileReference; fileEncoding = 4; lastKnownFileType = sourcecode.c.h; path = LSImageViewConfig.h; sourceTree = "<group>"; };
		D10CC1491CC0C244003F2192 /* UIImageView+WebImage.h */ = {isa = PBXFileReference; fileEncoding = 4; lastKnownFileType = sourcecode.c.h; path = "UIImageView+WebImage.h"; sourceTree = "<group>"; };
		D10CC14A1CC0C244003F2192 /* UIImageView+WebImage.m */ = {isa = PBXFileReference; fileEncoding = 4; lastKnownFileType = sourcecode.c.objc; path = "UIImageView+WebImage.m"; sourceTree = "<group>"; };
		D10CC14C1CC0C29D003F2192 /* LSImageViewManager.h */ = {isa = PBXFileReference; fileEncoding = 4; lastKnownFileType = sourcecode.c.h; path = LSImageViewManager.h; sourceTree = "<group>"; };
		D10CC14D1CC0C29D003F2192 /* LSImageViewManager.m */ = {isa = PBXFileReference; fileEncoding = 4; lastKnownFileType = sourcecode.c.objc; path = LSImageViewManager.m; sourceTree = "<group>"; };
/* End PBXFileReference section */

/* Begin PBXFrameworksBuildPhase section */
		D10CC12A1CC0C239003F2192 /* Frameworks */ = {
			isa = PBXFrameworksBuildPhase;
			buildActionMask = 2147483647;
			files = (
			);
			runOnlyForDeploymentPostprocessing = 0;
		};
/* End PBXFrameworksBuildPhase section */

/* Begin PBXGroup section */
		D10CC1241CC0C239003F2192 = {
			isa = PBXGroup;
			children = (
				D10CC12F1CC0C23A003F2192 /* LSImageView */,
				D10CC12E1CC0C239003F2192 /* Products */,
			);
			sourceTree = "<group>";
		};
		D10CC12E1CC0C239003F2192 /* Products */ = {
			isa = PBXGroup;
			children = (
				D10CC12D1CC0C239003F2192 /* LSImageView.app */,
			);
			name = Products;
			sourceTree = "<group>";
		};
		D10CC12F1CC0C23A003F2192 /* LSImageView */ = {
			isa = PBXGroup;
			children = (
				D10CC1331CC0C23A003F2192 /* AppDelegate.h */,
				D10CC1341CC0C23A003F2192 /* AppDelegate.m */,
				D10CC1361CC0C23A003F2192 /* ViewController.h */,
				D10CC1371CC0C23A003F2192 /* ViewController.m */,
				D10CC1471CC0C244003F2192 /* class */,
				D10CC1391CC0C23A003F2192 /* Main.storyboard */,
				D10CC13C1CC0C23A003F2192 /* Assets.xcassets */,
				D10CC13E1CC0C23A003F2192 /* LaunchScreen.storyboard */,
				D10CC1411CC0C23A003F2192 /* Info.plist */,
				D10CC1301CC0C23A003F2192 /* Supporting Files */,
			);
			path = LSImageView;
			sourceTree = "<group>";
		};
		D10CC1301CC0C23A003F2192 /* Supporting Files */ = {
			isa = PBXGroup;
			children = (
				D10CC1311CC0C23A003F2192 /* main.m */,
			);
			name = "Supporting Files";
			sourceTree = "<group>";
		};
		D10CC1471CC0C244003F2192 /* class */ = {
			isa = PBXGroup;
			children = (
				D10CC1481CC0C244003F2192 /* LSImageViewConfig.h */,
				D10CC14C1CC0C29D003F2192 /* LSImageViewManager.h */,
				D10CC14D1CC0C29D003F2192 /* LSImageViewManager.m */,
				D10CC1491CC0C244003F2192 /* UIImageView+WebImage.h */,
				D10CC14A1CC0C244003F2192 /* UIImageView+WebImage.m */,
			);
			name = class;
			path = ../../class;
			sourceTree = "<group>";
		};
/* End PBXGroup section */

/* Begin PBXNativeTarget section */
		D10CC12C1CC0C239003F2192 /* LSImageView */ = {
			isa = PBXNativeTarget;
			buildConfigurationList = D10CC1441CC0C23A003F2192 /* Build configuration list for PBXNativeTarget "LSImageView" */;
			buildPhases = (
				D10CC1291CC0C239003F2192 /* Sources */,
				D10CC12A1CC0C239003F2192 /* Frameworks */,
				D10CC12B1CC0C239003F2192 /* Resources */,
			);
			buildRules = (
			);
			dependencies = (
			);
			name = LSImageView;
			productName = LSImageView;
			productReference = D10CC12D1CC0C239003F2192 /* LSImageView.app */;
			productType = "com.apple.product-type.application";
		};
/* End PBXNativeTarget section */

/* Begin PBXProject section */
		D10CC1251CC0C239003F2192 /* Project object */ = {
			isa = PBXProject;
			attributes = {
				LastUpgradeCheck = 0730;
				ORGANIZATIONNAME = HouKinglong;
				TargetAttributes = {
					D10CC12C1CC0C239003F2192 = {
						CreatedOnToolsVersion = 7.3;
					};
				};
			};
			buildConfigurationList = D10CC1281CC0C239003F2192 /* Build configuration list for PBXProject "LSImageView" */;
			compatibilityVersion = "Xcode 3.2";
			developmentRegion = English;
			hasScannedForEncodings = 0;
			knownRegions = (
				en,
				Base,
			);
			mainGroup = D10CC1241CC0C239003F2192;
			productRefGroup = D10CC12E1CC0C239003F2192 /* Products */;
			projectDirPath = "";
			projectRoot = "";
			targets = (
				D10CC12C1CC0C239003F2192 /* LSImageView */,
			);
		};
/* End PBXProject section */

/* Begin PBXResourcesBuildPhase section */
		D10CC12B1CC0C239003F2192 /* Resources */ = {
			isa = PBXResourcesBuildPhase;
			buildActionMask = 2147483647;
			files = (
				D10CC1401CC0C23A003F2192 /* LaunchScreen.storyboard in Resources */,
				D10CC13D1CC0C23A003F2192 /* Assets.xcassets in Resources */,
				D10CC13B1CC0C23A003F2192 /* Main.storyboard in Resources */,
			);
			runOnlyForDeploymentPostprocessing = 0;
		};
/* End PBXResourcesBuildPhase section */

/* Begin PBXSourcesBuildPhase section */
		D10CC1291CC0C239003F2192 /* Sources */ = {
			isa = PBXSourcesBuildPhase;
			buildActionMask = 2147483647;
			files = (
				D10CC1381CC0C23A003F2192 /* ViewController.m in Sources */,
				D10CC14B1CC0C244003F2192 /* UIImageView+WebImage.m in Sources */,
				D10CC1351CC0C23A003F2192 /* AppDelegate.m in Sources */,
				D10CC14E1CC0C29D003F2192 /* LSImageViewManager.m in Sources */,
				D10CC1321CC0C23A003F2192 /* main.m in Sources */,
			);
			runOnlyForDeploymentPostprocessing = 0;
		};
/* End PBXSourcesBuildPhase section */

/* Begin PBXVariantGroup section */
		D10CC1391CC0C23A003F2192 /* Main.storyboard */ = {
			isa = PBXVariantGroup;
			children = (
				D10CC13A1CC0C23A003F2192 /* Base */,
			);
			name = Main.storyboard;
			sourceTree = "<group>";
		};
		D10CC13E1CC0C23A003F2192 /* LaunchScreen.storyboard */ = {
			isa = PBXVariantGroup;
			children = (
				D10CC13F1CC0C23A003F2192 /* Base */,
			);
			name = LaunchScreen.storyboard;
			sourceTree = "<group>";
		};
/* End PBXVariantGroup section */

/* Begin XCBuildConfiguration section */
		D10CC1421CC0C23A003F2192 /* Debug */ = {
			isa = XCBuildConfiguration;
			buildSettings = {
				ALWAYS_SEARCH_USER_PATHS = NO;
				CLANG_ANALYZER_NONNULL = YES;
				CLANG_CXX_LANGUAGE_STANDARD = "gnu++0x";
				CLANG_CXX_LIBRARY = "libc++";
				CLANG_ENABLE_MODULES = YES;
				CLANG_ENABLE_OBJC_ARC = YES;
				CLANG_WARN_BOOL_CONVERSION = YES;
				CLANG_WARN_CONSTANT_CONVERSION = YES;
				CLANG_WARN_DIRECT_OBJC_ISA_USAGE = YES_ERROR;
				CLANG_WARN_EMPTY_BODY = YES;
				CLANG_WARN_ENUM_CONVERSION = YES;
				CLANG_WARN_INT_CONVERSION = YES;
				CLANG_WARN_OBJC_ROOT_CLASS = YES_ERROR;
				CLANG_WARN_UNREACHABLE_CODE = YES;
				CLANG_WARN__DUPLICATE_METHOD_MATCH = YES;
				"CODE_SIGN_IDENTITY[sdk=iphoneos*]" = "iPhone Developer";
				COPY_PHASE_STRIP = NO;
				DEBUG_INFORMATION_FORMAT = dwarf;
				ENABLE_STRICT_OBJC_MSGSEND = YES;
				ENABLE_TESTABILITY = YES;
				GCC_C_LANGUAGE_STANDARD = gnu99;
				GCC_DYNAMIC_NO_PIC = NO;
				GCC_NO_COMMON_BLOCKS = YES;
				GCC_OPTIMIZATION_LEVEL = 0;
				GCC_PREPROCESSOR_DEFINITIONS = (
					"DEBUG=1",
					"$(inherited)",
				);
				GCC_WARN_64_TO_32_BIT_CONVERSION = YES;
				GCC_WARN_ABOUT_RETURN_TYPE = YES_ERROR;
				GCC_WARN_UNDECLARED_SELECTOR = YES;
				GCC_WARN_UNINITIALIZED_AUTOS = YES_AGGRESSIVE;
				GCC_WARN_UNUSED_FUNCTION = YES;
				GCC_WARN_UNUSED_VARIABLE = YES;
				IPHONEOS_DEPLOYMENT_TARGET = 9.3;
				MTL_ENABLE_DEBUG_INFO = YES;
				ONLY_ACTIVE_ARCH = YES;
				SDKROOT = iphoneos;
			};
			name = Debug;
		};
		D10CC1431CC0C23A003F2192 /* Release */ = {
			isa = XCBuildConfiguration;
			buildSettings = {
				ALWAYS_SEARCH_USER_PATHS = NO;
				CLANG_ANALYZER_NONNULL = YES;
				CLANG_CXX_LANGUAGE_STANDARD = "gnu++0x";
				CLANG_CXX_LIBRARY = "libc++";
				CLANG_ENABLE_MODULES = YES;
				CLANG_ENABLE_OBJC_ARC = YES;
				CLANG_WARN_BOOL_CONVERSION = YES;
				CLANG_WARN_CONSTANT_CONVERSION = YES;
				CLANG_WARN_DIRECT_OBJC_ISA_USAGE = YES_ERROR;
				CLANG_WARN_EMPTY_BODY = YES;
				CLANG_WARN_ENUM_CONVERSION = YES;
				CLANG_WARN_INT_CONVERSION = YES;
				CLANG_WARN_OBJC_ROOT_CLASS = YES_ERROR;
				CLANG_WARN_UNREACHABLE_CODE = YES;
				CLANG_WARN__DUPLICATE_METHOD_MATCH = YES;
				"CODE_SIGN_IDENTITY[sdk=iphoneos*]" = "iPhone Developer";
				COPY_PHASE_STRIP = NO;
				DEBUG_INFORMATION_FORMAT = "dwarf-with-dsym";
				ENABLE_NS_ASSERTIONS = NO;
				ENABLE_STRICT_OBJC_MSGSEND = YES;
				GCC_C_LANGUAGE_STANDARD = gnu99;
				GCC_NO_COMMON_BLOCKS = YES;
				GCC_WARN_64_TO_32_BIT_CONVERSION = YES;
				GCC_WARN_ABOUT_RETURN_TYPE = YES_ERROR;
				GCC_WARN_UNDECLARED_SELECTOR = YES;
				GCC_WARN_UNINITIALIZED_AUTOS = YES_AGGRESSIVE;
				GCC_WARN_UNUSED_FUNCTION = YES;
				GCC_WARN_UNUSED_VARIABLE = YES;
				IPHONEOS_DEPLOYMENT_TARGET = 9.3;
				MTL_ENABLE_DEBUG_INFO = NO;
				SDKROOT = iphoneos;
				VALIDATE_PRODUCT = YES;
			};
			name = Release;
		};
		D10CC1451CC0C23A003F2192 /* Debug */ = {
			isa = XCBuildConfiguration;
			buildSettings = {
				ASSETCATALOG_COMPILER_APPICON_NAME = AppIcon;
				INFOPLIST_FILE = LSImageView/Info.plist;
				LD_RUNPATH_SEARCH_PATHS = "$(inherited) @executable_path/Frameworks";
				PRODUCT_BUNDLE_IDENTIFIER = dev.kinglong.LSImageView;
				PRODUCT_NAME = "$(TARGET_NAME)";
			};
			name = Debug;
		};
		D10CC1461CC0C23A003F2192 /* Release */ = {
			isa = XCBuildConfiguration;
			buildSettings = {
				ASSETCATALOG_COMPILER_APPICON_NAME = AppIcon;
				INFOPLIST_FILE = LSImageView/Info.plist;
				LD_RUNPATH_SEARCH_PATHS = "$(inherited) @executable_path/Frameworks";
				PRODUCT_BUNDLE_IDENTIFIER = dev.kinglong.LSImageView;
				PRODUCT_NAME = "$(TARGET_NAME)";
			};
			name = Release;
		};
/* End XCBuildConfiguration section */

/* Begin XCConfigurationList section */
		D10CC1281CC0C239003F2192 /* Build configuration list for PBXProject "LSImageView" */ = {
			isa = XCConfigurationList;
			buildConfigurations = (
				D10CC1421CC0C23A003F2192 /* Debug */,
				D10CC1431CC0C23A003F2192 /* Release */,
			);
			defaultConfigurationIsVisible = 0;
			defaultConfigurationName = Release;
		};
		D10CC1441CC0C23A003F2192 /* Build configuration list for PBXNativeTarget "LSImageView" */ = {
			isa = XCConfigurationList;
			buildConfigurations = (
				D10CC1451CC0C23A003F2192 /* Debug */,
				D10CC1461CC0C23A003F2192 /* Release */,
			);
			defaultConfigurationIsVisible = 0;
			defaultConfigurationName = Release;
		};
/* End XCConfigurationList section */
	};
	rootObject = D10CC1251CC0C239003F2192 /* Project object */;
}
